
Microsoft Visual Studio Solution File, Format Version 10.00
# Visual Studio 2008
Project("{FAE04EC0-301F-11D3-BF4B-00C04F79EFBC}") = "Taskbar", "Taskbar.csproj", "{61161DDC-D749-4640-A930-313030F05628}"
EndProject
Global
	GlobalSection(SolutionConfigurationPlatforms) = preSolution
		Debug|Any CPU = Debug|Any CPU
		Release|Any CPU = Release|Any CPU
	EndGlobalSection
	GlobalSection(ProjectConfigurationPlatforms) = postSolution
		{61161DDC-D749-4640-A930-313030F05628}.Debug|Any CPU.ActiveCfg = Debug|Any CPU
		{61161DDC-D749-4640-A930-313030F05628}.Debug|Any CPU.Build.0 = Debug|Any CPU
		{61161DDC-D749-4640-A930-313030F05628}.Release|Any CPU.ActiveCfg = Release|Any CPU
		{61161DDC-D749-4640-A930-313030F05628}.Release|Any CPU.Build.0 = Release|Any CPU
	EndGlobalSection
	GlobalSection(SolutionProperties) = preSolution
		HideSolutionNode = FALSE
	EndGlobalSection
EndGlobal
