// !$*UTF8*$!
{
	archiveVersion = 1;
	classes = {
	};
	objectVersion = 44;
	objects = {

/* Begin PBXBuildFile section */
		8D07F2C00486CC7A007CD1D0 /* InfoPlist.strings in Resources */ = {isa = PBXBuildFile; fileRef = 089C1666FE841158C02AAC07 /* InfoPlist.strings */; };
		E72A15E90D54ADB90059C234 /* InfoPlist.strings in Resources */ = {isa = PBXBuildFile; fileRef = 089C1666FE841158C02AAC07 /* InfoPlist.strings */; };
/* End PBXBuildFile section */

/* Begin PBXFileReference section */
		089C1667FE841158C02AAC07 /* English */ = {isa = PBXFileReference; fileEncoding = 10; lastKnownFileType = text.plist.strings; name = English; path = English.lproj/InfoPlist.strings; sourceTree = "<group>"; };
		8D07F2C70486CC7A007CD1D0 /* Info.plist */ = {isa = PBXFileReference; fileEncoding = 4; lastKnownFileType = text.plist; path = Info.plist; sourceTree = "<group>"; };
		8D07F2C80486CC7A007CD1D0 /* GHC.framework */ = {isa = PBXFileReference; explicitFileType = wrapper.framework; includeInIndex = 0; path = GHC.framework; sourceTree = BUILT_PRODUCTS_DIR; };
		E7D5AE720DF3CEE3001262D2 /* GHC.framework */ = {isa = PBXFileReference; explicitFileType = wrapper.framework; includeInIndex = 0; path = GHC.framework; sourceTree = BUILT_PRODUCTS_DIR; };
/* End PBXFileReference section */

/* Begin PBXGroup section */
		034768DDFF38A45A11DB9C8B /* Products */ = {
			isa = PBXGroup;
			children = (
				8D07F2C80486CC7A007CD1D0 /* GHC.framework */,
				E7D5AE720DF3CEE3001262D2 /* GHC.framework */,
			);
			name = Products;
			sourceTree = "<group>";
		};
		0867D691FE84028FC02AAC07 /* GHC */ = {
			isa = PBXGroup;
			children = (
				08FB77ACFE841707C02AAC07 /* Source */,
				089C1665FE841158C02AAC07 /* Resources */,
				0867D69AFE84028FC02AAC07 /* External Frameworks and Libraries */,
				034768DDFF38A45A11DB9C8B /* Products */,
			);
			name = GHC;
			sourceTree = "<group>";
		};
		0867D69AFE84028FC02AAC07 /* External Frameworks and Libraries */ = {
			isa = PBXGroup;
			children = (
			);
			name = "External Frameworks and Libraries";
			sourceTree = "<group>";
		};
		089C1665FE841158C02AAC07 /* Resources */ = {
			isa = PBXGroup;
			children = (
				8D07F2C70486CC7A007CD1D0 /* Info.plist */,
				089C1666FE841158C02AAC07 /* InfoPlist.strings */,
			);
			name = Resources;
			sourceTree = "<group>";
		};
		08FB77ACFE841707C02AAC07 /* Source */ = {
			isa = PBXGroup;
			children = (
			);
			name = Source;
			sourceTree = "<group>";
		};
/* End PBXGroup section */

/* Begin PBXNativeTarget section */
		8D07F2BC0486CC7A007CD1D0 /* GHC-relocatable */ = {
			isa = PBXNativeTarget;
			buildConfigurationList = 4FADC24208B4156D00ABE55E /* Build configuration list for PBXNativeTarget "GHC-relocatable" */;
			buildPhases = (
				8D07F2BF0486CC7A007CD1D0 /* Resources */,
				E76B00450D52DFDB00A05A2F /* ShellScript */,
			);
			buildRules = (
			);
			comments = "Supported targets: build\n\nPrecondition: Fully compiled tree (i.e., \"perl boot; ./configure; make\" was already executed)\n\nThis project creates a Mac OS X framework that encapsulates a *relocatable* *binary* GHC distribution.\n\n*  The framework is versioned using GHC's version and platform, and we call the current version directory in the following CONTENTS_FOLDER_BUILD.\n\n* This target installs into CONTENTS_FOLDER_BUILD/ghc/ the same contents that is in a binary-dist tar ball.\n\n* The idea is that at framework installation time, a post install script will perform \n\n    ./configure --prefix=CONTENTS_FOLDER_INSTALL/usr; make install \n\n   in that ghc/ directory, where CONTENTS_FOLDER_INSTALL is the path that CONTENTS_FOLDER_BUILD has after the package containing the framework was installed by the package installer.  This effectively rellocates the ghc installation to its final destination.";
			dependencies = (
			);
			name = "GHC-relocatable";
			productInstallPath = "$(HOME)/Library/Frameworks";
			productName = GHC;
			productReference = 8D07F2C80486CC7A007CD1D0 /* GHC.framework */;
			productType = "com.apple.product-type.framework";
		};
		E72A15E70D54ADB90059C234 /* GHC-systemwide */ = {
			isa = PBXNativeTarget;
			buildConfigurationList = E72A15EB0D54ADB90059C234 /* Build configuration list for PBXNativeTarget "GHC-systemwide" */;
			buildPhases = (
				E72A15E80D54ADB90059C234 /* Resources */,
				E72A15EA0D54ADB90059C234 /* ShellScript */,
			);
			buildRules = (
			);
			comments = "Supported targets: build, install\n\nPrecondition: We are in a distribution tree, not a vanilla tree from darcs - i.e., \"perl boot; ./configure\" was already executed.\n\nAs part of the build target, ./configure will be executed again (setting a --prefix).  Additional arguments to ./configure can be specified by way of the environment variable XCODE_EXTRA_CONFIGURE_ARGS.\n\nThis project creates a Mac OS X framework at /Library/Frameworks.\n\n*  The framework is versioned using GHC's version and platform.\n\n* The target configures the tree for the deployment location and builds the tree.\n\n* This target installs the framework not into its final destination, but into a build directory using the DESTDIR feature of GHC build system (unless the deployment flag in the build rules is set).\n\n* The idea is that the framework at the build location is being turned into a package and the package installer eventually puts its at its final destination. \n";
			dependencies = (
			);
			name = "GHC-systemwide";
			productInstallPath = "$(HOME)/Library/Frameworks";
			productName = GHC;
			productReference = E7D5AE720DF3CEE3001262D2 /* GHC.framework */;
			productType = "com.apple.product-type.framework";
		};
/* End PBXNativeTarget section */

/* Begin PBXProject section */
		0867D690FE84028FC02AAC07 /* Project object */ = {
			isa = PBXProject;
			buildConfigurationList = 4FADC24608B4156D00ABE55E /* Build configuration list for PBXProject "GHC" */;
			compatibilityVersion = "Xcode 3.0";
			hasScannedForEncodings = 1;
			mainGroup = 0867D691FE84028FC02AAC07 /* GHC */;
			productRefGroup = 034768DDFF38A45A11DB9C8B /* Products */;
			projectDirPath = "";
			projectRoot = "";
			targets = (
				E72A15E70D54ADB90059C234 /* GHC-systemwide */,
				8D07F2BC0486CC7A007CD1D0 /* GHC-relocatable */,
			);
		};
/* End PBXProject section */

/* Begin PBXResourcesBuildPhase section */
		8D07F2BF0486CC7A007CD1D0 /* Resources */ = {
			isa = PBXResourcesBuildPhase;
			buildActionMask = 2147483647;
			files = (
				8D07F2C00486CC7A007CD1D0 /* InfoPlist.strings in Resources */,
			);
			runOnlyForDeploymentPostprocessing = 0;
		};
		E72A15E80D54ADB90059C234 /* Resources */ = {
			isa = PBXResourcesBuildPhase;
			buildActionMask = 2147483647;
			files = (
				E72A15E90D54ADB90059C234 /* InfoPlist.strings in Resources */,
			);
			runOnlyForDeploymentPostprocessing = 0;
		};
/* End PBXResourcesBuildPhase section */

/* Begin PBXShellScriptBuildPhase section */
		E72A15EA0D54ADB90059C234 /* ShellScript */ = {
			isa = PBXShellScriptBuildPhase;
			buildActionMask = 2147483647;
			comments = "Build and install both code and documentation.  Building includes configuring the tree with the right prefix.\n\nNB: Why use a run script build phase instead of an external target (with a dependency)?  Because we need to be underneath the GHC target to get the right build settings.";
			files = (
			);
			inputPaths = (
			);
			outputPaths = (
			);
			runOnlyForDeploymentPostprocessing = 0;
			shellPath = /bin/sh;
			shellScript = "case \"$ACTION\" in clean) rm -rf \"$GHC_UNPACKS_INTO\" ;; build) tar -jxf \"$BINDIST\" && cd \"$GHC_UNPACKS_INTO\" && ./configure --prefix=\"$INSTALL_PATH/$CONTENTS_FOLDER_PATH/usr\" --with-gcc=/usr/bin/gcc --with-gcc-4.2=/usr/bin/gcc ;; install) cd \"$GHC_UNPACKS_INTO\" && make install DESTDIR=\"$DSTROOT\" ;; *) echo \"Unknown action $ACTION\" >&2 ; exit 1 ;; esac ";
		};
		E76B00450D52DFDB00A05A2F /* ShellScript */ = {
			isa = PBXShellScriptBuildPhase;
			buildActionMask = 2147483647;
			comments = "Generate the binary distribution tree.";
			files = (
			);
			inputPaths = (
			);
			outputPaths = (
				"$(TARGET_BUILD_DIR)/$(CONTENTS_FOLDER_PATH)/ghc",
			);
			runOnlyForDeploymentPostprocessing = 0;
			shellPath = /bin/sh;
			shellScript = "if [ ${ACTION} = build ]; then\n  make -C ../.. BIN_DIST_NAME=ghc binary-dist\nfi\n";
		};
/* End PBXShellScriptBuildPhase section */

/* Begin PBXVariantGroup section */
		089C1666FE841158C02AAC07 /* InfoPlist.strings */ = {
			isa = PBXVariantGroup;
			children = (
				089C1667FE841158C02AAC07 /* English */,
			);
			name = InfoPlist.strings;
			sourceTree = "<group>";
		};
/* End PBXVariantGroup section */

/* Begin XCBuildConfiguration section */
		4FADC24308B4156D00ABE55E /* Debug */ = {
			isa = XCBuildConfiguration;
			buildSettings = {
				COPY_PHASE_STRIP = NO;
				DYLIB_COMPATIBILITY_VERSION = 1;
				DYLIB_CURRENT_VERSION = 1;
				FRAMEWORK_VERSION = A;
				GCC_DYNAMIC_NO_PIC = NO;
				GCC_ENABLE_FIX_AND_CONTINUE = YES;
				GCC_MODEL_TUNING = G5;
				GCC_OPTIMIZATION_LEVEL = 0;
				GCC_PRECOMPILE_PREFIX_HEADER = YES;
				GCC_PREFIX_HEADER = GHC_Prefix.pch;
				INFOPLIST_FILE = Info.plist;
				INSTALL_PATH = "$(HOME)/Library/Frameworks";
				LIBRARY_STYLE = DYNAMIC;
				MACH_O_TYPE = mh_dylib;
				PRODUCT_NAME = GHC;
				WRAPPER_EXTENSION = framework;
				ZERO_LINK = YES;
			};
			name = Debug;
		};
		4FADC24408B4156D00ABE55E /* Release */ = {
			isa = XCBuildConfiguration;
			buildSettings = {
				ARCHS = (
					ppc,
					i386,
				);
				DEBUG_INFORMATION_FORMAT = "dwarf-with-dsym";
				DYLIB_COMPATIBILITY_VERSION = 1;
				DYLIB_CURRENT_VERSION = 1;
				FRAMEWORK_VERSION = A;
				GCC_MODEL_TUNING = G5;
				GCC_PRECOMPILE_PREFIX_HEADER = YES;
				GCC_PREFIX_HEADER = GHC_Prefix.pch;
				INFOPLIST_FILE = Info.plist;
				INSTALL_PATH = "$(HOME)/Library/Frameworks";
				LIBRARY_STYLE = DYNAMIC;
				MACH_O_TYPE = mh_dylib;
				PRODUCT_NAME = GHC;
				VERSIONING_SYSTEM = "";
				WRAPPER_EXTENSION = framework;
			};
			name = Release;
		};
		4FADC24708B4156D00ABE55E /* Debug */ = {
			isa = XCBuildConfiguration;
			buildSettings = {
				GCC_WARN_ABOUT_RETURN_TYPE = YES;
				GCC_WARN_UNUSED_VARIABLE = YES;
				PREBINDING = NO;
				SDKROOT = "$(DEVELOPER_SDK_DIR)/MacOSX10.4u.sdk";
			};
			name = Debug;
		};
		4FADC24808B4156D00ABE55E /* Release */ = {
			isa = XCBuildConfiguration;
			buildSettings = {
				GCC_WARN_ABOUT_RETURN_TYPE = YES;
				GCC_WARN_UNUSED_VARIABLE = YES;
				PREBINDING = NO;
				SDKROOT = "$(DEVELOPER_SDK_DIR)/MacOSX10.4u.sdk";
				SHORT_VERSION_STRING = "";
			};
			name = Release;
		};
		E72A15ED0D54ADB90059C234 /* Release */ = {
			isa = XCBuildConfiguration;
			buildSettings = {
				ARCHS = (
					ppc,
					i386,
				);
				DEBUG_INFORMATION_FORMAT = "dwarf-with-dsym";
				DYLIB_COMPATIBILITY_VERSION = 1;
				DYLIB_CURRENT_VERSION = 1;
				FRAMEWORK_VERSION = A;
				GCC_MODEL_TUNING = G5;
				GCC_PRECOMPILE_PREFIX_HEADER = YES;
				GCC_PREFIX_HEADER = GHC_Prefix.pch;
				INFOPLIST_FILE = Info.plist;
				INSTALL_PATH = /Library/Frameworks;
				LIBRARY_STYLE = DYNAMIC;
				MACH_O_TYPE = mh_dylib;
				PRODUCT_NAME = GHC;
				VERSIONING_SYSTEM = "";
				WRAPPER_EXTENSION = framework;
			};
			name = Release;
		};
/* End XCBuildConfiguration section */

/* Begin XCConfigurationList section */
		4FADC24208B4156D00ABE55E /* Build configuration list for PBXNativeTarget "GHC-relocatable" */ = {
			isa = XCConfigurationList;
			buildConfigurations = (
				4FADC24308B4156D00ABE55E /* Debug */,
				4FADC24408B4156D00ABE55E /* Release */,
			);
			defaultConfigurationIsVisible = 0;
			defaultConfigurationName = Release;
		};
		4FADC24608B4156D00ABE55E /* Build configuration list for PBXProject "GHC" */ = {
			isa = XCConfigurationList;
			buildConfigurations = (
				4FADC24708B4156D00ABE55E /* Debug */,
				4FADC24808B4156D00ABE55E /* Release */,
			);
			defaultConfigurationIsVisible = 0;
			defaultConfigurationName = Release;
		};
		E72A15EB0D54ADB90059C234 /* Build configuration list for PBXNativeTarget "GHC-systemwide" */ = {
			isa = XCConfigurationList;
			buildConfigurations = (
				E72A15ED0D54ADB90059C234 /* Release */,
			);
			defaultConfigurationIsVisible = 0;
			defaultConfigurationName = Release;
		};
/* End XCConfigurationList section */
	};
	rootObject = 0867D690FE84028FC02AAC07 /* Project object */;
}
